
Microsoft Visual Studio Solution File, Format Version 12.00
# Visual Studio 15
VisualStudioVersion = 15.0.27205.2004
MinimumVisualStudioVersion = 10.0.40219.1
Project("{FAE04EC0-301F-11D3-BF4B-00C04F79EFBC}") = "Diep", "Diep\Diep.csproj", "{59232616-0176-4555-827D-2708FD7CC69E}"
EndProject
Project("{FAE04EC0-301F-11D3-BF4B-00C04F79EFBC}") = "DiepServer", "DiepServer\DiepServer.csproj", "{36CAD0BE-6E1F-44CA-85AF-4866BB2AA5E8}"
EndProject
Global
	GlobalSection(SolutionConfigurationPlatforms) = preSolution
		Debug|Any CPU = Debug|Any CPU
		Release|Any CPU = Release|Any CPU
	EndGlobalSection
	GlobalSection(ProjectConfigurationPlatforms) = postSolution
		{59232616-0176-4555-827D-2708FD7CC69E}.Debug|Any CPU.ActiveCfg = Debug|Any CPU
		{59232616-0176-4555-827D-2708FD7CC69E}.Debug|Any CPU.Build.0 = Debug|Any CPU
		{59232616-0176-4555-827D-2708FD7CC69E}.Release|Any CPU.ActiveCfg = Release|Any CPU
		{59232616-0176-4555-827D-2708FD7CC69E}.Release|Any CPU.Build.0 = Release|Any CPU
		{36CAD0BE-6E1F-44CA-85AF-4866BB2AA5E8}.Debug|Any CPU.ActiveCfg = Debug|Any CPU
		{36CAD0BE-6E1F-44CA-85AF-4866BB2AA5E8}.Debug|Any CPU.Build.0 = Debug|Any CPU
		{36CAD0BE-6E1F-44CA-85AF-4866BB2AA5E8}.Release|Any CPU.ActiveCfg = Release|Any CPU
		{36CAD0BE-6E1F-44CA-85AF-4866BB2AA5E8}.Release|Any CPU.Build.0 = Release|Any CPU
	EndGlobalSection
	GlobalSection(SolutionProperties) = preSolution
		HideSolutionNode = FALSE
	EndGlobalSection
	GlobalSection(ExtensibilityGlobals) = postSolution
		SolutionGuid = {C79DA100-7DE8-441C-9D2D-AEA29A401B1A}
	EndGlobalSection
EndGlobal
